// !$*UTF8*$!
{
	archiveVersion = 1;
	classes = {
	};
	objectVersion = 46;
	objects = {

/* Begin PBXBuildFile section */
		1EEB5E23CCB7E83407E72D1F /* Pods_Flashmob.framework in Frameworks */ = {isa = PBXBuildFile; fileRef = 126298E2465B7B5F6853E5FF /* Pods_Flashmob.framework */; };
		6AB474A87E606CAB02272789 /* Pods_FlashmobTests.framework in Frameworks */ = {isa = PBXBuildFile; fileRef = FE5EF102E09DFD16989C1E6F /* Pods_FlashmobTests.framework */; };
		C01A0D981F0B2473008FDA98 /* VideoInfoCell.swift in Sources */ = {isa = PBXBuildFile; fileRef = C01A0D971F0B2473008FDA98 /* VideoInfoCell.swift */; };
		C0A7BC481F01F53A0098FE4E /* AppDelegate.swift in Sources */ = {isa = PBXBuildFile; fileRef = C0A7BC471F01F53A0098FE4E /* AppDelegate.swift */; };
		C0A7BC4A1F01F53A0098FE4E /* FirstViewController.swift in Sources */ = {isa = PBXBuildFile; fileRef = C0A7BC491F01F53A0098FE4E /* FirstViewController.swift */; };
		C0A7BC4C1F01F53A0098FE4E /* SecondViewController.swift in Sources */ = {isa = PBXBuildFile; fileRef = C0A7BC4B1F01F53A0098FE4E /* SecondViewController.swift */; };
		C0A7BC4F1F01F53A0098FE4E /* Main.storyboard in Resources */ = {isa = PBXBuildFile; fileRef = C0A7BC4D1F01F53A0098FE4E /* Main.storyboard */; };
		C0A7BC511F01F53A0098FE4E /* Assets.xcassets in Resources */ = {isa = PBXBuildFile; fileRef = C0A7BC501F01F53A0098FE4E /* Assets.xcassets */; };
		C0A7BC541F01F53A0098FE4E /* LaunchScreen.storyboard in Resources */ = {isa = PBXBuildFile; fileRef = C0A7BC521F01F53A0098FE4E /* LaunchScreen.storyboard */; };
		C0A7BC5F1F01F53A0098FE4E /* FlashmobTests.swift in Sources */ = {isa = PBXBuildFile; fileRef = C0A7BC5E1F01F53A0098FE4E /* FlashmobTests.swift */; };
		C0A7BC6C1F023AE00098FE4E /* Video.swift in Sources */ = {isa = PBXBuildFile; fileRef = C0A7BC6B1F023AE00098FE4E /* Video.swift */; };
/* End PBXBuildFile section */

/* Begin PBXContainerItemProxy section */
		C0A7BC5B1F01F53A0098FE4E /* PBXContainerItemProxy */ = {
			isa = PBXContainerItemProxy;
			containerPortal = C0A7BC3C1F01F53A0098FE4E /* Project object */;
			proxyType = 1;
			remoteGlobalIDString = C0A7BC431F01F53A0098FE4E;
			remoteInfo = Flashmob;
		};
/* End PBXContainerItemProxy section */

/* Begin PBXFileReference section */
		126298E2465B7B5F6853E5FF /* Pods_Flashmob.framework */ = {isa = PBXFileReference; explicitFileType = wrapper.framework; includeInIndex = 0; path = Pods_Flashmob.framework; sourceTree = BUILT_PRODUCTS_DIR; };
		37BA2E79E7EFCE5812CE1F3A /* Pods-FlashmobTests.release.xcconfig */ = {isa = PBXFileReference; includeInIndex = 1; lastKnownFileType = text.xcconfig; name = "Pods-FlashmobTests.release.xcconfig"; path = "Pods/Target Support Files/Pods-FlashmobTests/Pods-FlashmobTests.release.xcconfig"; sourceTree = "<group>"; };
		6CB0226F3CBA3B9B3D599B9A /* Pods-FlashmobTests.debug.xcconfig */ = {isa = PBXFileReference; includeInIndex = 1; lastKnownFileType = text.xcconfig; name = "Pods-FlashmobTests.debug.xcconfig"; path = "Pods/Target Support Files/Pods-FlashmobTests/Pods-FlashmobTests.debug.xcconfig"; sourceTree = "<group>"; };
		865D081AD397EFFEA05C0A53 /* Pods-Flashmob.debug.xcconfig */ = {isa = PBXFileReference; includeInIndex = 1; lastKnownFileType = text.xcconfig; name = "Pods-Flashmob.debug.xcconfig"; path = "Pods/Target Support Files/Pods-Flashmob/Pods-Flashmob.debug.xcconfig"; sourceTree = "<group>"; };
		C01A0D971F0B2473008FDA98 /* VideoInfoCell.swift */ = {isa = PBXFileReference; fileEncoding = 4; lastKnownFileType = sourcecode.swift; path = VideoInfoCell.swift; sourceTree = "<group>"; };
		C0A7BC441F01F53A0098FE4E /* Flashmob.app */ = {isa = PBXFileReference; explicitFileType = wrapper.application; includeInIndex = 0; path = Flashmob.app; sourceTree = BUILT_PRODUCTS_DIR; };
		C0A7BC471F01F53A0098FE4E /* AppDelegate.swift */ = {isa = PBXFileReference; lastKnownFileType = sourcecode.swift; path = AppDelegate.swift; sourceTree = "<group>"; };
		C0A7BC491F01F53A0098FE4E /* FirstViewController.swift */ = {isa = PBXFileReference; lastKnownFileType = sourcecode.swift; path = FirstViewController.swift; sourceTree = "<group>"; };
		C0A7BC4B1F01F53A0098FE4E /* SecondViewController.swift */ = {isa = PBXFileReference; lastKnownFileType = sourcecode.swift; path = SecondViewController.swift; sourceTree = "<group>"; };
		C0A7BC4E1F01F53A0098FE4E /* Base */ = {isa = PBXFileReference; lastKnownFileType = file.storyboard; name = Base; path = Base.lproj/Main.storyboard; sourceTree = "<group>"; };
		C0A7BC501F01F53A0098FE4E /* Assets.xcassets */ = {isa = PBXFileReference; lastKnownFileType = folder.assetcatalog; path = Assets.xcassets; sourceTree = "<group>"; };
		C0A7BC531F01F53A0098FE4E /* Base */ = {isa = PBXFileReference; lastKnownFileType = file.storyboard; name = Base; path = Base.lproj/LaunchScreen.storyboard; sourceTree = "<group>"; };
		C0A7BC551F01F53A0098FE4E /* Info.plist */ = {isa = PBXFileReference; lastKnownFileType = text.plist.xml; path = Info.plist; sourceTree = "<group>"; };
		C0A7BC5A1F01F53A0098FE4E /* FlashmobTests.xctest */ = {isa = PBXFileReference; explicitFileType = wrapper.cfbundle; includeInIndex = 0; path = FlashmobTests.xctest; sourceTree = BUILT_PRODUCTS_DIR; };
		C0A7BC5E1F01F53A0098FE4E /* FlashmobTests.swift */ = {isa = PBXFileReference; lastKnownFileType = sourcecode.swift; path = FlashmobTests.swift; sourceTree = "<group>"; };
		C0A7BC601F01F53A0098FE4E /* Info.plist */ = {isa = PBXFileReference; lastKnownFileType = text.plist.xml; path = Info.plist; sourceTree = "<group>"; };
		C0A7BC6B1F023AE00098FE4E /* Video.swift */ = {isa = PBXFileReference; fileEncoding = 4; lastKnownFileType = sourcecode.swift; path = Video.swift; sourceTree = "<group>"; };
		C6CBADF017178C66A043BD50 /* Pods-Flashmob.release.xcconfig */ = {isa = PBXFileReference; includeInIndex = 1; lastKnownFileType = text.xcconfig; name = "Pods-Flashmob.release.xcconfig"; path = "Pods/Target Support Files/Pods-Flashmob/Pods-Flashmob.release.xcconfig"; sourceTree = "<group>"; };
		FE5EF102E09DFD16989C1E6F /* Pods_FlashmobTests.framework */ = {isa = PBXFileReference; explicitFileType = wrapper.framework; includeInIndex = 0; path = Pods_FlashmobTests.framework; sourceTree = BUILT_PRODUCTS_DIR; };
/* End PBXFileReference section */

/* Begin PBXFrameworksBuildPhase section */
		C0A7BC411F01F53A0098FE4E /* Frameworks */ = {
			isa = PBXFrameworksBuildPhase;
			buildActionMask = 2147483647;
			files = (
				1EEB5E23CCB7E83407E72D1F /* Pods_Flashmob.framework in Frameworks */,
			);
			runOnlyForDeploymentPostprocessing = 0;
		};
		C0A7BC571F01F53A0098FE4E /* Frameworks */ = {
			isa = PBXFrameworksBuildPhase;
			buildActionMask = 2147483647;
			files = (
				6AB474A87E606CAB02272789 /* Pods_FlashmobTests.framework in Frameworks */,
			);
			runOnlyForDeploymentPostprocessing = 0;
		};
/* End PBXFrameworksBuildPhase section */

/* Begin PBXGroup section */
		4F81B398442FDC5A711597CE /* Pods */ = {
			isa = PBXGroup;
			children = (
				865D081AD397EFFEA05C0A53 /* Pods-Flashmob.debug.xcconfig */,
				C6CBADF017178C66A043BD50 /* Pods-Flashmob.release.xcconfig */,
				6CB0226F3CBA3B9B3D599B9A /* Pods-FlashmobTests.debug.xcconfig */,
				37BA2E79E7EFCE5812CE1F3A /* Pods-FlashmobTests.release.xcconfig */,
			);
			name = Pods;
			sourceTree = "<group>";
		};
		5C6266AF6E0423ED34FAAFE7 /* Frameworks */ = {
			isa = PBXGroup;
			children = (
				126298E2465B7B5F6853E5FF /* Pods_Flashmob.framework */,
				FE5EF102E09DFD16989C1E6F /* Pods_FlashmobTests.framework */,
			);
			name = Frameworks;
			sourceTree = "<group>";
		};
		C0A7BC3B1F01F53A0098FE4E = {
			isa = PBXGroup;
			children = (
				C0A7BC461F01F53A0098FE4E /* Flashmob */,
				C0A7BC5D1F01F53A0098FE4E /* FlashmobTests */,
				C0A7BC451F01F53A0098FE4E /* Products */,
				4F81B398442FDC5A711597CE /* Pods */,
				5C6266AF6E0423ED34FAAFE7 /* Frameworks */,
			);
			sourceTree = "<group>";
		};
		C0A7BC451F01F53A0098FE4E /* Products */ = {
			isa = PBXGroup;
			children = (
				C0A7BC441F01F53A0098FE4E /* Flashmob.app */,
				C0A7BC5A1F01F53A0098FE4E /* FlashmobTests.xctest */,
			);
			name = Products;
			sourceTree = "<group>";
		};
		C0A7BC461F01F53A0098FE4E /* Flashmob */ = {
			isa = PBXGroup;
			children = (
				C0A7BC471F01F53A0098FE4E /* AppDelegate.swift */,
				C0A7BC491F01F53A0098FE4E /* FirstViewController.swift */,
				C0A7BC4B1F01F53A0098FE4E /* SecondViewController.swift */,
				C0A7BC4D1F01F53A0098FE4E /* Main.storyboard */,
				C0A7BC501F01F53A0098FE4E /* Assets.xcassets */,
				C0A7BC521F01F53A0098FE4E /* LaunchScreen.storyboard */,
				C0A7BC551F01F53A0098FE4E /* Info.plist */,
				C0A7BC6B1F023AE00098FE4E /* Video.swift */,
				C01A0D971F0B2473008FDA98 /* VideoInfoCell.swift */,
			);
			path = Flashmob;
			sourceTree = "<group>";
		};
		C0A7BC5D1F01F53A0098FE4E /* FlashmobTests */ = {
			isa = PBXGroup;
			children = (
				C0A7BC5E1F01F53A0098FE4E /* FlashmobTests.swift */,
				C0A7BC601F01F53A0098FE4E /* Info.plist */,
			);
			path = FlashmobTests;
			sourceTree = "<group>";
		};
/* End PBXGroup section */

/* Begin PBXNativeTarget section */
		C0A7BC431F01F53A0098FE4E /* Flashmob */ = {
			isa = PBXNativeTarget;
			buildConfigurationList = C0A7BC631F01F53A0098FE4E /* Build configuration list for PBXNativeTarget "Flashmob" */;
			buildPhases = (
				3C65326DB61F617E74467F8A /* [CP] Check Pods Manifest.lock */,
				C0A7BC401F01F53A0098FE4E /* Sources */,
				C0A7BC411F01F53A0098FE4E /* Frameworks */,
				C0A7BC421F01F53A0098FE4E /* Resources */,
				003737E6587AD384B49B5CAC /* [CP] Embed Pods Frameworks */,
				56F1FABCD7248C68EE37B584 /* [CP] Copy Pods Resources */,
			);
			buildRules = (
			);
			dependencies = (
			);
			name = Flashmob;
			productName = Flashmob;
			productReference = C0A7BC441F01F53A0098FE4E /* Flashmob.app */;
			productType = "com.apple.product-type.application";
		};
		C0A7BC591F01F53A0098FE4E /* FlashmobTests */ = {
			isa = PBXNativeTarget;
			buildConfigurationList = C0A7BC661F01F53A0098FE4E /* Build configuration list for PBXNativeTarget "FlashmobTests" */;
			buildPhases = (
				7EBC328AD0C4311A7225FFBB /* [CP] Check Pods Manifest.lock */,
				C0A7BC561F01F53A0098FE4E /* Sources */,
				C0A7BC571F01F53A0098FE4E /* Frameworks */,
				C0A7BC581F01F53A0098FE4E /* Resources */,
				0E39A1D98E9B205073C08A0E /* [CP] Embed Pods Frameworks */,
				65D1517637589148652E057F /* [CP] Copy Pods Resources */,
			);
			buildRules = (
			);
			dependencies = (
				C0A7BC5C1F01F53A0098FE4E /* PBXTargetDependency */,
			);
			name = FlashmobTests;
			productName = FlashmobTests;
			productReference = C0A7BC5A1F01F53A0098FE4E /* FlashmobTests.xctest */;
			productType = "com.apple.product-type.bundle.unit-test";
		};
/* End PBXNativeTarget section */

/* Begin PBXProject section */
		C0A7BC3C1F01F53A0098FE4E /* Project object */ = {
			isa = PBXProject;
			attributes = {
				LastSwiftUpdateCheck = 0830;
				LastUpgradeCheck = 0830;
				ORGANIZATIONNAME = " BlueYang";
				TargetAttributes = {
					C0A7BC431F01F53A0098FE4E = {
						CreatedOnToolsVersion = 8.3.2;
						DevelopmentTeam = X77M95VSB8;
						ProvisioningStyle = Automatic;
					};
					C0A7BC591F01F53A0098FE4E = {
						CreatedOnToolsVersion = 8.3.2;
						DevelopmentTeam = X77M95VSB8;
						ProvisioningStyle = Automatic;
						TestTargetID = C0A7BC431F01F53A0098FE4E;
					};
				};
			};
			buildConfigurationList = C0A7BC3F1F01F53A0098FE4E /* Build configuration list for PBXProject "Flashmob" */;
			compatibilityVersion = "Xcode 3.2";
			developmentRegion = English;
			hasScannedForEncodings = 0;
			knownRegions = (
				en,
				Base,
			);
			mainGroup = C0A7BC3B1F01F53A0098FE4E;
			productRefGroup = C0A7BC451F01F53A0098FE4E /* Products */;
			projectDirPath = "";
			projectRoot = "";
			targets = (
				C0A7BC431F01F53A0098FE4E /* Flashmob */,
				C0A7BC591F01F53A0098FE4E /* FlashmobTests */,
			);
		};
/* End PBXProject section */

/* Begin PBXResourcesBuildPhase section */
		C0A7BC421F01F53A0098FE4E /* Resources */ = {
			isa = PBXResourcesBuildPhase;
			buildActionMask = 2147483647;
			files = (
				C0A7BC541F01F53A0098FE4E /* LaunchScreen.storyboard in Resources */,
				C0A7BC511F01F53A0098FE4E /* Assets.xcassets in Resources */,
				C0A7BC4F1F01F53A0098FE4E /* Main.storyboard in Resources */,
			);
			runOnlyForDeploymentPostprocessing = 0;
		};
		C0A7BC581F01F53A0098FE4E /* Resources */ = {
			isa = PBXResourcesBuildPhase;
			buildActionMask = 2147483647;
			files = (
			);
			runOnlyForDeploymentPostprocessing = 0;
		};
/* End PBXResourcesBuildPhase section */

/* Begin PBXShellScriptBuildPhase section */
		003737E6587AD384B49B5CAC /* [CP] Embed Pods Frameworks */ = {
			isa = PBXShellScriptBuildPhase;
			buildActionMask = 2147483647;
			files = (
			);
			inputPaths = (
			);
			name = "[CP] Embed Pods Frameworks";
			outputPaths = (
			);
			runOnlyForDeploymentPostprocessing = 0;
			shellPath = /bin/sh;
			shellScript = "\"${SRCROOT}/Pods/Target Support Files/Pods-Flashmob/Pods-Flashmob-frameworks.sh\"\n";
			showEnvVarsInLog = 0;
		};
		0E39A1D98E9B205073C08A0E /* [CP] Embed Pods Frameworks */ = {
			isa = PBXShellScriptBuildPhase;
			buildActionMask = 2147483647;
			files = (
			);
			inputPaths = (
			);
			name = "[CP] Embed Pods Frameworks";
			outputPaths = (
			);
			runOnlyForDeploymentPostprocessing = 0;
			shellPath = /bin/sh;
			shellScript = "\"${SRCROOT}/Pods/Target Support Files/Pods-FlashmobTests/Pods-FlashmobTests-frameworks.sh\"\n";
			showEnvVarsInLog = 0;
		};
		3C65326DB61F617E74467F8A /* [CP] Check Pods Manifest.lock */ = {
			isa = PBXShellScriptBuildPhase;
			buildActionMask = 2147483647;
			files = (
			);
			inputPaths = (
			);
			name = "[CP] Check Pods Manifest.lock";
			outputPaths = (
			);
			runOnlyForDeploymentPostprocessing = 0;
			shellPath = /bin/sh;
			shellScript = "diff \"${PODS_ROOT}/../Podfile.lock\" \"${PODS_ROOT}/Manifest.lock\" > /dev/null\nif [ $? != 0 ] ; then\n    # print error to STDERR\n    echo \"error: The sandbox is not in sync with the Podfile.lock. Run 'pod install' or update your CocoaPods installation.\" >&2\n    exit 1\nfi\n";
			showEnvVarsInLog = 0;
		};
		56F1FABCD7248C68EE37B584 /* [CP] Copy Pods Resources */ = {
			isa = PBXShellScriptBuildPhase;
			buildActionMask = 2147483647;
			files = (
			);
			inputPaths = (
			);
			name = "[CP] Copy Pods Resources";
			outputPaths = (
			);
			runOnlyForDeploymentPostprocessing = 0;
			shellPath = /bin/sh;
			shellScript = "\"${SRCROOT}/Pods/Target Support Files/Pods-Flashmob/Pods-Flashmob-resources.sh\"\n";
			showEnvVarsInLog = 0;
		};
		65D1517637589148652E057F /* [CP] Copy Pods Resources */ = {
			isa = PBXShellScriptBuildPhase;
			buildActionMask = 2147483647;
			files = (
			);
			inputPaths = (
			);
			name = "[CP] Copy Pods Resources";
			outputPaths = (
			);
			runOnlyForDeploymentPostprocessing = 0;
			shellPath = /bin/sh;
			shellScript = "\"${SRCROOT}/Pods/Target Support Files/Pods-FlashmobTests/Pods-FlashmobTests-resources.sh\"\n";
			showEnvVarsInLog = 0;
		};
		7EBC328AD0C4311A7225FFBB /* [CP] Check Pods Manifest.lock */ = {
			isa = PBXShellScriptBuildPhase;
			buildActionMask = 2147483647;
			files = (
			);
			inputPaths = (
			);
			name = "[CP] Check Pods Manifest.lock";
			outputPaths = (
			);
			runOnlyForDeploymentPostprocessing = 0;
			shellPath = /bin/sh;
			shellScript = "diff \"${PODS_ROOT}/../Podfile.lock\" \"${PODS_ROOT}/Manifest.lock\" > /dev/null\nif [ $? != 0 ] ; then\n    # print error to STDERR\n    echo \"error: The sandbox is not in sync with the Podfile.lock. Run 'pod install' or update your CocoaPods installation.\" >&2\n    exit 1\nfi\n";
			showEnvVarsInLog = 0;
		};
/* End PBXShellScriptBuildPhase section */

/* Begin PBXSourcesBuildPhase section */
		C0A7BC401F01F53A0098FE4E /* Sources */ = {
			isa = PBXSourcesBuildPhase;
			buildActionMask = 2147483647;
			files = (
				C0A7BC4C1F01F53A0098FE4E /* SecondViewController.swift in Sources */,
				C0A7BC6C1F023AE00098FE4E /* Video.swift in Sources */,
				C01A0D981F0B2473008FDA98 /* VideoInfoCell.swift in Sources */,
				C0A7BC481F01F53A0098FE4E /* AppDelegate.swift in Sources */,
				C0A7BC4A1F01F53A0098FE4E /* FirstViewController.swift in Sources */,
			);
			runOnlyForDeploymentPostprocessing = 0;
		};
		C0A7BC561F01F53A0098FE4E /* Sources */ = {
			isa = PBXSourcesBuildPhase;
			buildActionMask = 2147483647;
			files = (
				C0A7BC5F1F01F53A0098FE4E /* FlashmobTests.swift in Sources */,
			);
			runOnlyForDeploymentPostprocessing = 0;
		};
/* End PBXSourcesBuildPhase section */

/* Begin PBXTargetDependency section */
		C0A7BC5C1F01F53A0098FE4E /* PBXTargetDependency */ = {
			isa = PBXTargetDependency;
			target = C0A7BC431F01F53A0098FE4E /* Flashmob */;
			targetProxy = C0A7BC5B1F01F53A0098FE4E /* PBXContainerItemProxy */;
		};
/* End PBXTargetDependency section */

/* Begin PBXVariantGroup section */
		C0A7BC4D1F01F53A0098FE4E /* Main.storyboard */ = {
			isa = PBXVariantGroup;
			children = (
				C0A7BC4E1F01F53A0098FE4E /* Base */,
			);
			name = Main.storyboard;
			sourceTree = "<group>";
		};
		C0A7BC521F01F53A0098FE4E /* LaunchScreen.storyboard */ = {
			isa = PBXVariantGroup;
			children = (
				C0A7BC531F01F53A0098FE4E /* Base */,
			);
			name = LaunchScreen.storyboard;
			sourceTree = "<group>";
		};
/* End PBXVariantGroup section */

/* Begin XCBuildConfiguration section */
		C0A7BC611F01F53A0098FE4E /* Debug */ = {
			isa = XCBuildConfiguration;
			buildSettings = {
				ALWAYS_SEARCH_USER_PATHS = NO;
				CLANG_ANALYZER_NONNULL = YES;
				CLANG_ANALYZER_NUMBER_OBJECT_CONVERSION = YES_AGGRESSIVE;
				CLANG_CXX_LANGUAGE_STANDARD = "gnu++0x";
				CLANG_CXX_LIBRARY = "libc++";
				CLANG_ENABLE_MODULES = YES;
				CLANG_ENABLE_OBJC_ARC = YES;
				CLANG_WARN_BOOL_CONVERSION = YES;
				CLANG_WARN_CONSTANT_CONVERSION = YES;
				CLANG_WARN_DIRECT_OBJC_ISA_USAGE = YES_ERROR;
				CLANG_WARN_DOCUMENTATION_COMMENTS = YES;
				CLANG_WARN_EMPTY_BODY = YES;
				CLANG_WARN_ENUM_CONVERSION = YES;
				CLANG_WARN_INFINITE_RECURSION = YES;
				CLANG_WARN_INT_CONVERSION = YES;
				CLANG_WARN_OBJC_ROOT_CLASS = YES_ERROR;
				CLANG_WARN_SUSPICIOUS_MOVE = YES;
				CLANG_WARN_UNREACHABLE_CODE = YES;
				CLANG_WARN__DUPLICATE_METHOD_MATCH = YES;
				"CODE_SIGN_IDENTITY[sdk=iphoneos*]" = "iPhone Developer";
				COPY_PHASE_STRIP = NO;
				DEBUG_INFORMATION_FORMAT = dwarf;
				ENABLE_STRICT_OBJC_MSGSEND = YES;
				ENABLE_TESTABILITY = YES;
				GCC_C_LANGUAGE_STANDARD = gnu99;
				GCC_DYNAMIC_NO_PIC = NO;
				GCC_NO_COMMON_BLOCKS = YES;
				GCC_OPTIMIZATION_LEVEL = 0;
				GCC_PREPROCESSOR_DEFINITIONS = (
					"DEBUG=1",
					"$(inherited)",
				);
				GCC_WARN_64_TO_32_BIT_CONVERSION = YES;
				GCC_WARN_ABOUT_RETURN_TYPE = YES_ERROR;
				GCC_WARN_UNDECLARED_SELECTOR = YES;
				GCC_WARN_UNINITIALIZED_AUTOS = YES_AGGRESSIVE;
				GCC_WARN_UNUSED_FUNCTION = YES;
				GCC_WARN_UNUSED_VARIABLE = YES;
				IPHONEOS_DEPLOYMENT_TARGET = 10.3;
				MTL_ENABLE_DEBUG_INFO = YES;
				ONLY_ACTIVE_ARCH = YES;
				SDKROOT = iphoneos;
				SWIFT_ACTIVE_COMPILATION_CONDITIONS = DEBUG;
				SWIFT_OPTIMIZATION_LEVEL = "-Onone";
			};
			name = Debug;
		};
		C0A7BC621F01F53A0098FE4E /* Release */ = {
			isa = XCBuildConfiguration;
			buildSettings = {
				ALWAYS_SEARCH_USER_PATHS = NO;
				CLANG_ANALYZER_NONNULL = YES;
				CLANG_ANALYZER_NUMBER_OBJECT_CONVERSION = YES_AGGRESSIVE;
				CLANG_CXX_LANGUAGE_STANDARD = "gnu++0x";
				CLANG_CXX_LIBRARY = "libc++";
				CLANG_ENABLE_MODULES = YES;
				CLANG_ENABLE_OBJC_ARC = YES;
				CLANG_WARN_BOOL_CONVERSION = YES;
				CLANG_WARN_CONSTANT_CONVERSION = YES;
				CLANG_WARN_DIRECT_OBJC_ISA_USAGE = YES_ERROR;
				CLANG_WARN_DOCUMENTATION_COMMENTS = YES;
				CLANG_WARN_EMPTY_BODY = YES;
				CLANG_WARN_ENUM_CONVERSION = YES;
				CLANG_WARN_INFINITE_RECURSION = YES;
				CLANG_WARN_INT_CONVERSION = YES;
				CLANG_WARN_OBJC_ROOT_CLASS = YES_ERROR;
				CLANG_WARN_SUSPICIOUS_MOVE = YES;
				CLANG_WARN_UNREACHABLE_CODE = YES;
				CLANG_WARN__DUPLICATE_METHOD_MATCH = YES;
				"CODE_SIGN_IDENTITY[sdk=iphoneos*]" = "iPhone Developer";
				COPY_PHASE_STRIP = NO;
				DEBUG_INFORMATION_FORMAT = "dwarf-with-dsym";
				ENABLE_NS_ASSERTIONS = NO;
				ENABLE_STRICT_OBJC_MSGSEND = YES;
				GCC_C_LANGUAGE_STANDARD = gnu99;
				GCC_NO_COMMON_BLOCKS = YES;
				GCC_WARN_64_TO_32_BIT_CONVERSION = YES;
				GCC_WARN_ABOUT_RETURN_TYPE = YES_ERROR;
				GCC_WARN_UNDECLARED_SELECTOR = YES;
				GCC_WARN_UNINITIALIZED_AUTOS = YES_AGGRESSIVE;
				GCC_WARN_UNUSED_FUNCTION = YES;
				GCC_WARN_UNUSED_VARIABLE = YES;
				IPHONEOS_DEPLOYMENT_TARGET = 10.3;
				MTL_ENABLE_DEBUG_INFO = NO;
				SDKROOT = iphoneos;
				SWIFT_OPTIMIZATION_LEVEL = "-Owholemodule";
				VALIDATE_PRODUCT = YES;
			};
			name = Release;
		};
		C0A7BC641F01F53A0098FE4E /* Debug */ = {
			isa = XCBuildConfiguration;
			baseConfigurationReference = 865D081AD397EFFEA05C0A53 /* Pods-Flashmob.debug.xcconfig */;
			buildSettings = {
				ASSETCATALOG_COMPILER_APPICON_NAME = AppIcon;
				DEVELOPMENT_TEAM = X77M95VSB8;
				INFOPLIST_FILE = Flashmob/Info.plist;
				IPHONEOS_DEPLOYMENT_TARGET = 10.0;
				LD_RUNPATH_SEARCH_PATHS = "$(inherited) @executable_path/Frameworks";
				PRODUCT_BUNDLE_IDENTIFIER = AlexYang.Flashmob;
				PRODUCT_NAME = "$(TARGET_NAME)";
				SWIFT_VERSION = 3.0;
			};
			name = Debug;
		};
		C0A7BC651F01F53A0098FE4E /* Release */ = {
			isa = XCBuildConfiguration;
			baseConfigurationReference = C6CBADF017178C66A043BD50 /* Pods-Flashmob.release.xcconfig */;
			buildSettings = {
				ASSETCATALOG_COMPILER_APPICON_NAME = AppIcon;
				DEVELOPMENT_TEAM = X77M95VSB8;
				INFOPLIST_FILE = Flashmob/Info.plist;
				IPHONEOS_DEPLOYMENT_TARGET = 10.0;
				LD_RUNPATH_SEARCH_PATHS = "$(inherited) @executable_path/Frameworks";
				PRODUCT_BUNDLE_IDENTIFIER = AlexYang.Flashmob;
				PRODUCT_NAME = "$(TARGET_NAME)";
				SWIFT_VERSION = 3.0;
			};
			name = Release;
		};
		C0A7BC671F01F53A0098FE4E /* Debug */ = {
			isa = XCBuildConfiguration;
			baseConfigurationReference = 6CB0226F3CBA3B9B3D599B9A /* Pods-FlashmobTests.debug.xcconfig */;
			buildSettings = {
				ALWAYS_EMBED_SWIFT_STANDARD_LIBRARIES = YES;
				BUNDLE_LOADER = "$(TEST_HOST)";
				DEVELOPMENT_TEAM = X77M95VSB8;
				INFOPLIST_FILE = FlashmobTests/Info.plist;
				LD_RUNPATH_SEARCH_PATHS = "$(inherited) @executable_path/Frameworks @loader_path/Frameworks";
				PRODUCT_BUNDLE_IDENTIFIER = BY.FlashmobTests;
				PRODUCT_NAME = "$(TARGET_NAME)";
				SWIFT_VERSION = 3.0;
				TEST_HOST = "$(BUILT_PRODUCTS_DIR)/Flashmob.app/Flashmob";
			};
			name = Debug;
		};
		C0A7BC681F01F53A0098FE4E /* Release */ = {
			isa = XCBuildConfiguration;
			baseConfigurationReference = 37BA2E79E7EFCE5812CE1F3A /* Pods-FlashmobTests.release.xcconfig */;
			buildSettings = {
				ALWAYS_EMBED_SWIFT_STANDARD_LIBRARIES = YES;
				BUNDLE_LOADER = "$(TEST_HOST)";
				DEVELOPMENT_TEAM = X77M95VSB8;
				INFOPLIST_FILE = FlashmobTests/Info.plist;
				LD_RUNPATH_SEARCH_PATHS = "$(inherited) @executable_path/Frameworks @loader_path/Frameworks";
				PRODUCT_BUNDLE_IDENTIFIER = BY.FlashmobTests;
				PRODUCT_NAME = "$(TARGET_NAME)";
				SWIFT_VERSION = 3.0;
				TEST_HOST = "$(BUILT_PRODUCTS_DIR)/Flashmob.app/Flashmob";
			};
			name = Release;
		};
/* End XCBuildConfiguration section */

/* Begin XCConfigurationList section */
		C0A7BC3F1F01F53A0098FE4E /* Build configuration list for PBXProject "Flashmob" */ = {
			isa = XCConfigurationList;
			buildConfigurations = (
				C0A7BC611F01F53A0098FE4E /* Debug */,
				C0A7BC621F01F53A0098FE4E /* Release */,
			);
			defaultConfigurationIsVisible = 0;
			defaultConfigurationName = Release;
		};
		C0A7BC631F01F53A0098FE4E /* Build configuration list for PBXNativeTarget "Flashmob" */ = {
			isa = XCConfigurationList;
			buildConfigurations = (
				C0A7BC641F01F53A0098FE4E /* Debug */,
				C0A7BC651F01F53A0098FE4E /* Release */,
			);
			defaultConfigurationIsVisible = 0;
			defaultConfigurationName = Release;
		};
		C0A7BC661F01F53A0098FE4E /* Build configuration list for PBXNativeTarget "FlashmobTests" */ = {
			isa = XCConfigurationList;
			buildConfigurations = (
				C0A7BC671F01F53A0098FE4E /* Debug */,
				C0A7BC681F01F53A0098FE4E /* Release */,
			);
			defaultConfigurationIsVisible = 0;
			defaultConfigurationName = Release;
		};
/* End XCConfigurationList section */
	};
	rootObject = C0A7BC3C1F01F53A0098FE4E /* Project object */;
}
